
Microsoft Visual Studio Solution File, Format Version 12.00
# Visual Studio Version 17
VisualStudioVersion = 17.1.32210.238
MinimumVisualStudioVersion = 10.0.40219.1
Project("{9A19103F-16F7-4668-BE54-9A1E7A4F7556}") = "RegularExpession", "RegularExpession\RegularExpession.csproj", "{13811787-187E-4D01-9E78-C740862DED7D}"
EndProject
Project("{FAE04EC0-301F-11D3-BF4B-00C04F79EFBC}") = "RegularExpressionTest", "RegularExpressionTest\RegularExpressionTest.csproj", "{8E6CFBCB-E16A-43CF-B096-F0BB282084B4}"
EndProject
Global
	GlobalSection(SolutionConfigurationPlatforms) = preSolution
		Debug|Any CPU = Debug|Any CPU
		Release|Any CPU = Release|Any CPU
	EndGlobalSection
	GlobalSection(ProjectConfigurationPlatforms) = postSolution
		{13811787-187E-4D01-9E78-C740862DED7D}.Debug|Any CPU.ActiveCfg = Debug|Any CPU
		{13811787-187E-4D01-9E78-C740862DED7D}.Debug|Any CPU.Build.0 = Debug|Any CPU
		{13811787-187E-4D01-9E78-C740862DED7D}.Release|Any CPU.ActiveCfg = Release|Any CPU
		{13811787-187E-4D01-9E78-C740862DED7D}.Release|Any CPU.Build.0 = Release|Any CPU
		{8E6CFBCB-E16A-43CF-B096-F0BB282084B4}.Debug|Any CPU.ActiveCfg = Debug|Any CPU
		{8E6CFBCB-E16A-43CF-B096-F0BB282084B4}.Debug|Any CPU.Build.0 = Debug|Any CPU
		{8E6CFBCB-E16A-43CF-B096-F0BB282084B4}.Release|Any CPU.ActiveCfg = Release|Any CPU
		{8E6CFBCB-E16A-43CF-B096-F0BB282084B4}.Release|Any CPU.Build.0 = Release|Any CPU
	EndGlobalSection
	GlobalSection(SolutionProperties) = preSolution
		HideSolutionNode = FALSE
	EndGlobalSection
	GlobalSection(ExtensibilityGlobals) = postSolution
		SolutionGuid = {8949700F-BD81-4D7E-9A30-3C9632B1BA95}
	EndGlobalSection
EndGlobal
